
Microsoft Visual Studio Solution File, Format Version 12.00
Project("{2150E333-8FDC-42A3-9474-1A3956D46DE8}") = "Src", "Src", "{E27FB2FD-41D5-4296-9F21-E09D0225553A}"
EndProject
Project("{2150E333-8FDC-42A3-9474-1A3956D46DE8}") = "Common", "Common", "{F95C2870-65D5-4B9D-8C5A-13D276B64E80}"
EndProject
Project("{2150E333-8FDC-42A3-9474-1A3956D46DE8}") = "Core", "Core", "{F87089B5-7603-4047-8E1B-64C4450D73F1}"
EndProject
Project("{2150E333-8FDC-42A3-9474-1A3956D46DE8}") = "Presentation", "Presentation", "{9CA52632-9CA7-4194-B8D7-8B47E43D03FC}"
EndProject
Project("{2150E333-8FDC-42A3-9474-1A3956D46DE8}") = "Infrastructure", "Infrastructure", "{C3664292-A839-4CDF-B0E9-BE1ECFB35741}"
EndProject
Project("{FAE04EC0-301F-11D3-BF4B-00C04F79EFBC}") = "UMS.Domain", "UMS.Domain\UMS.Domain.csproj", "{BFD85424-0C08-4BD2-9450-D518957C212C}"
EndProject
Project("{FAE04EC0-301F-11D3-BF4B-00C04F79EFBC}") = "UMS.Infrastructure", "UMS.Infrastructure\UMS.Infrastructure.csproj", "{DCAF691F-4686-41EE-A7BD-9F4FF1517BBC}"
EndProject
Project("{FAE04EC0-301F-11D3-BF4B-00C04F79EFBC}") = "UMS.Infrastructure.Abstraction", "UMS.Infrastructure.Abstraction\UMS.Infrastructure.Abstraction.csproj", "{8C8471BB-9AB1-45EA-A4B7-5BF33BB446D7}"
EndProject
Project("{FAE04EC0-301F-11D3-BF4B-00C04F79EFBC}") = "UMS.Persistence", "UMS.Persistence\UMS.Persistence.csproj", "{A071DCB2-2DD2-4549-AECB-2E8F899A520E}"
EndProject
Project("{FAE04EC0-301F-11D3-BF4B-00C04F79EFBC}") = "UMS.Configuration", "UMS.Configuration\UMS.Configuration.csproj", "{EC980C50-1090-49FA-94A7-C8D11454B0E2}"
EndProject
Project("{FAE04EC0-301F-11D3-BF4B-00C04F79EFBC}") = "UMS.Application1", "UMS.Application1\UMS.Application1.csproj", "{E483F47B-89B3-4191-9FD5-22866B8ABC62}"
EndProject
Project("{FAE04EC0-301F-11D3-BF4B-00C04F79EFBC}") = "UMS.WebAPI1", "UMS.WebAPI1\UMS.WebAPI1.csproj", "{82FA7F50-F2EA-481F-9AD0-4C8854C60206}"
EndProject
Global
	GlobalSection(SolutionConfigurationPlatforms) = preSolution
		Debug|Any CPU = Debug|Any CPU
		Release|Any CPU = Release|Any CPU
	EndGlobalSection
	GlobalSection(ProjectConfigurationPlatforms) = postSolution
		{BFD85424-0C08-4BD2-9450-D518957C212C}.Debug|Any CPU.ActiveCfg = Debug|Any CPU
		{BFD85424-0C08-4BD2-9450-D518957C212C}.Debug|Any CPU.Build.0 = Debug|Any CPU
		{BFD85424-0C08-4BD2-9450-D518957C212C}.Release|Any CPU.ActiveCfg = Release|Any CPU
		{BFD85424-0C08-4BD2-9450-D518957C212C}.Release|Any CPU.Build.0 = Release|Any CPU
		{DCAF691F-4686-41EE-A7BD-9F4FF1517BBC}.Debug|Any CPU.ActiveCfg = Debug|Any CPU
		{DCAF691F-4686-41EE-A7BD-9F4FF1517BBC}.Debug|Any CPU.Build.0 = Debug|Any CPU
		{DCAF691F-4686-41EE-A7BD-9F4FF1517BBC}.Release|Any CPU.ActiveCfg = Release|Any CPU
		{DCAF691F-4686-41EE-A7BD-9F4FF1517BBC}.Release|Any CPU.Build.0 = Release|Any CPU
		{8C8471BB-9AB1-45EA-A4B7-5BF33BB446D7}.Debug|Any CPU.ActiveCfg = Debug|Any CPU
		{8C8471BB-9AB1-45EA-A4B7-5BF33BB446D7}.Debug|Any CPU.Build.0 = Debug|Any CPU
		{8C8471BB-9AB1-45EA-A4B7-5BF33BB446D7}.Release|Any CPU.ActiveCfg = Release|Any CPU
		{8C8471BB-9AB1-45EA-A4B7-5BF33BB446D7}.Release|Any CPU.Build.0 = Release|Any CPU
		{A071DCB2-2DD2-4549-AECB-2E8F899A520E}.Debug|Any CPU.ActiveCfg = Debug|Any CPU
		{A071DCB2-2DD2-4549-AECB-2E8F899A520E}.Debug|Any CPU.Build.0 = Debug|Any CPU
		{A071DCB2-2DD2-4549-AECB-2E8F899A520E}.Release|Any CPU.ActiveCfg = Release|Any CPU
		{A071DCB2-2DD2-4549-AECB-2E8F899A520E}.Release|Any CPU.Build.0 = Release|Any CPU
		{EC980C50-1090-49FA-94A7-C8D11454B0E2}.Debug|Any CPU.ActiveCfg = Debug|Any CPU
		{EC980C50-1090-49FA-94A7-C8D11454B0E2}.Debug|Any CPU.Build.0 = Debug|Any CPU
		{EC980C50-1090-49FA-94A7-C8D11454B0E2}.Release|Any CPU.ActiveCfg = Release|Any CPU
		{EC980C50-1090-49FA-94A7-C8D11454B0E2}.Release|Any CPU.Build.0 = Release|Any CPU
		{E483F47B-89B3-4191-9FD5-22866B8ABC62}.Debug|Any CPU.ActiveCfg = Debug|Any CPU
		{E483F47B-89B3-4191-9FD5-22866B8ABC62}.Debug|Any CPU.Build.0 = Debug|Any CPU
		{E483F47B-89B3-4191-9FD5-22866B8ABC62}.Release|Any CPU.ActiveCfg = Release|Any CPU
		{E483F47B-89B3-4191-9FD5-22866B8ABC62}.Release|Any CPU.Build.0 = Release|Any CPU
		{82FA7F50-F2EA-481F-9AD0-4C8854C60206}.Debug|Any CPU.ActiveCfg = Debug|Any CPU
		{82FA7F50-F2EA-481F-9AD0-4C8854C60206}.Debug|Any CPU.Build.0 = Debug|Any CPU
		{82FA7F50-F2EA-481F-9AD0-4C8854C60206}.Release|Any CPU.ActiveCfg = Release|Any CPU
		{82FA7F50-F2EA-481F-9AD0-4C8854C60206}.Release|Any CPU.Build.0 = Release|Any CPU
	EndGlobalSection
	GlobalSection(NestedProjects) = preSolution
		{F95C2870-65D5-4B9D-8C5A-13D276B64E80} = {E27FB2FD-41D5-4296-9F21-E09D0225553A}
		{F87089B5-7603-4047-8E1B-64C4450D73F1} = {E27FB2FD-41D5-4296-9F21-E09D0225553A}
		{9CA52632-9CA7-4194-B8D7-8B47E43D03FC} = {E27FB2FD-41D5-4296-9F21-E09D0225553A}
		{C3664292-A839-4CDF-B0E9-BE1ECFB35741} = {E27FB2FD-41D5-4296-9F21-E09D0225553A}
		{BFD85424-0C08-4BD2-9450-D518957C212C} = {F87089B5-7603-4047-8E1B-64C4450D73F1}
		{DCAF691F-4686-41EE-A7BD-9F4FF1517BBC} = {C3664292-A839-4CDF-B0E9-BE1ECFB35741}
		{8C8471BB-9AB1-45EA-A4B7-5BF33BB446D7} = {C3664292-A839-4CDF-B0E9-BE1ECFB35741}
		{A071DCB2-2DD2-4549-AECB-2E8F899A520E} = {C3664292-A839-4CDF-B0E9-BE1ECFB35741}
		{EC980C50-1090-49FA-94A7-C8D11454B0E2} = {9CA52632-9CA7-4194-B8D7-8B47E43D03FC}
		{E483F47B-89B3-4191-9FD5-22866B8ABC62} = {F87089B5-7603-4047-8E1B-64C4450D73F1}
		{82FA7F50-F2EA-481F-9AD0-4C8854C60206} = {9CA52632-9CA7-4194-B8D7-8B47E43D03FC}
	EndGlobalSection
EndGlobal
